
Microsoft Visual Studio Solution File, Format Version 12.00
# Visual Studio Version 17
VisualStudioVersion = 17.7.34221.43
MinimumVisualStudioVersion = 10.0.40219.1
Project("{FAE04EC0-301F-11D3-BF4B-00C04F79EFBC}") = "Telegram.Robot.6", "Telegram.Robot.6\Telegram.Robot.6.csproj", "{BA358DD2-D15A-4F81-81B9-C2E5CD6425E5}"
EndProject
Global
	GlobalSection(SolutionConfigurationPlatforms) = preSolution
		Debug|Any CPU = Debug|Any CPU
		Release|Any CPU = Release|Any CPU
	EndGlobalSection
	GlobalSection(ProjectConfigurationPlatforms) = postSolution
		{BA358DD2-D15A-4F81-81B9-C2E5CD6425E5}.Debug|Any CPU.ActiveCfg = Debug|Any CPU
		{BA358DD2-D15A-4F81-81B9-C2E5CD6425E5}.Debug|Any CPU.Build.0 = Debug|Any CPU
		{BA358DD2-D15A-4F81-81B9-C2E5CD6425E5}.Release|Any CPU.ActiveCfg = Release|Any CPU
		{BA358DD2-D15A-4F81-81B9-C2E5CD6425E5}.Release|Any CPU.Build.0 = Release|Any CPU
	EndGlobalSection
	GlobalSection(SolutionProperties) = preSolution
		HideSolutionNode = FALSE
	EndGlobalSection
	GlobalSection(ExtensibilityGlobals) = postSolution
		SolutionGuid = {5B7687A2-5B91-4339-A06F-95C38DA06C0B}
	EndGlobalSection
EndGlobal
